
Microsoft Visual Studio Solution File, Format Version 12.00
# Visual Studio Version 17
VisualStudioVersion = 17.14.36623.8 d17.14
MinimumVisualStudioVersion = 10.0.40219.1
Project("{FAE04EC0-301F-11D3-BF4B-00C04F79EFBC}") = "LangChain_anthropic", "LangChain_anthropic\LangChain_anthropic.csproj", "{B13D8DAD-0BAF-4C03-B545-16DE06A265E5}"
EndProject
Global
	GlobalSection(SolutionConfigurationPlatforms) = preSolution
		Debug|Any CPU = Debug|Any CPU
		Release|Any CPU = Release|Any CPU
	EndGlobalSection
	GlobalSection(ProjectConfigurationPlatforms) = postSolution
		{B13D8DAD-0BAF-4C03-B545-16DE06A265E5}.Debug|Any CPU.ActiveCfg = Debug|Any CPU
		{B13D8DAD-0BAF-4C03-B545-16DE06A265E5}.Debug|Any CPU.Build.0 = Debug|Any CPU
		{B13D8DAD-0BAF-4C03-B545-16DE06A265E5}.Release|Any CPU.ActiveCfg = Release|Any CPU
		{B13D8DAD-0BAF-4C03-B545-16DE06A265E5}.Release|Any CPU.Build.0 = Release|Any CPU
	EndGlobalSection
	GlobalSection(SolutionProperties) = preSolution
		HideSolutionNode = FALSE
	EndGlobalSection
	GlobalSection(ExtensibilityGlobals) = postSolution
		SolutionGuid = {67D5CA6A-97F3-460F-A9C0-1AA9AA1AD075}
	EndGlobalSection
EndGlobal
